
Microsoft Visual Studio Solution File, Format Version 12.00
# Visual Studio Version 17
VisualStudioVersion = 17.14.36511.14 d17.14
MinimumVisualStudioVersion = 10.0.40219.1
Project("{FAE04EC0-301F-11D3-BF4B-00C04F79EFBC}") = "ExamenU4-5", "ExamenU4-5\ExamenU4-5.csproj", "{642BCE38-482B-4F44-9DE7-B36743967A98}"
EndProject
Global
	GlobalSection(SolutionConfigurationPlatforms) = preSolution
		Debug|Any CPU = Debug|Any CPU
		Release|Any CPU = Release|Any CPU
	EndGlobalSection
	GlobalSection(ProjectConfigurationPlatforms) = postSolution
		{642BCE38-482B-4F44-9DE7-B36743967A98}.Debug|Any CPU.ActiveCfg = Debug|Any CPU
		{642BCE38-482B-4F44-9DE7-B36743967A98}.Debug|Any CPU.Build.0 = Debug|Any CPU
		{642BCE38-482B-4F44-9DE7-B36743967A98}.Release|Any CPU.ActiveCfg = Release|Any CPU
		{642BCE38-482B-4F44-9DE7-B36743967A98}.Release|Any CPU.Build.0 = Release|Any CPU
	EndGlobalSection
	GlobalSection(SolutionProperties) = preSolution
		HideSolutionNode = FALSE
	EndGlobalSection
	GlobalSection(ExtensibilityGlobals) = postSolution
		SolutionGuid = {A6186D6E-6818-4FFC-AE70-903DE1ECB131}
	EndGlobalSection
EndGlobal
